// !$*UTF8*$!
{
	archiveVersion = 1;
	classes = {
	};
	objectVersion = 50;
	objects = {

/* Begin PBXBuildFile section */
		D3260D9C28BBDD7C00811D86 /* AppDelegate.swift in Sources */ = {isa = PBXBuildFile; fileRef = D3260D9B28BBDD7C00811D86 /* AppDelegate.swift */; };
		D3260D9E28BBDD7C00811D86 /* SceneDelegate.swift in Sources */ = {isa = PBXBuildFile; fileRef = D3260D9D28BBDD7C00811D86 /* SceneDelegate.swift */; };
		D3260DA028BBDD7C00811D86 /* CalculateViewController.swift in Sources */ = {isa = PBXBuildFile; fileRef = D3260D9F28BBDD7C00811D86 /* CalculateViewController.swift */; };
		D3260DA328BBDD7C00811D86 /* Main.storyboard in Resources */ = {isa = PBXBuildFile; fileRef = D3260DA128BBDD7C00811D86 /* Main.storyboard */; };
		D3260DA528BBDD8700811D86 /* Assets.xcassets in Resources */ = {isa = PBXBuildFile; fileRef = D3260DA428BBDD8700811D86 /* Assets.xcassets */; };
		D3260DA828BBDD8700811D86 /* LaunchScreen.storyboard in Resources */ = {isa = PBXBuildFile; fileRef = D3260DA628BBDD8700811D86 /* LaunchScreen.storyboard */; };
		D3699A1128BC363B0028F3BD /* ResultViewController.swift in Sources */ = {isa = PBXBuildFile; fileRef = D3699A1028BC363B0028F3BD /* ResultViewController.swift */; };
/* End PBXBuildFile section */

/* Begin PBXFileReference section */
		D3260D9828BBDD7C00811D86 /* TipsyByAsude.app */ = {isa = PBXFileReference; explicitFileType = wrapper.application; includeInIndex = 0; path = TipsyByAsude.app; sourceTree = BUILT_PRODUCTS_DIR; };
		D3260D9B28BBDD7C00811D86 /* AppDelegate.swift */ = {isa = PBXFileReference; lastKnownFileType = sourcecode.swift; path = AppDelegate.swift; sourceTree = "<group>"; };
		D3260D9D28BBDD7C00811D86 /* SceneDelegate.swift */ = {isa = PBXFileReference; lastKnownFileType = sourcecode.swift; path = SceneDelegate.swift; sourceTree = "<group>"; };
		D3260D9F28BBDD7C00811D86 /* CalculateViewController.swift */ = {isa = PBXFileReference; lastKnownFileType = sourcecode.swift; path = CalculateViewController.swift; sourceTree = "<group>"; };
		D3260DA228BBDD7C00811D86 /* Base */ = {isa = PBXFileReference; lastKnownFileType = file.storyboard; name = Base; path = Base.lproj/Main.storyboard; sourceTree = "<group>"; };
		D3260DA428BBDD8700811D86 /* Assets.xcassets */ = {isa = PBXFileReference; lastKnownFileType = folder.assetcatalog; path = Assets.xcassets; sourceTree = "<group>"; };
		D3260DA728BBDD8700811D86 /* Base */ = {isa = PBXFileReference; lastKnownFileType = file.storyboard; name = Base; path = Base.lproj/LaunchScreen.storyboard; sourceTree = "<group>"; };
		D3260DA928BBDD8700811D86 /* Info.plist */ = {isa = PBXFileReference; lastKnownFileType = text.plist.xml; path = Info.plist; sourceTree = "<group>"; };
		D3699A1028BC363B0028F3BD /* ResultViewController.swift */ = {isa = PBXFileReference; lastKnownFileType = sourcecode.swift; path = ResultViewController.swift; sourceTree = "<group>"; };
/* End PBXFileReference section */

/* Begin PBXFrameworksBuildPhase section */
		D3260D9528BBDD7C00811D86 /* Frameworks */ = {
			isa = PBXFrameworksBuildPhase;
			buildActionMask = 2147483647;
			files = (
			);
			runOnlyForDeploymentPostprocessing = 0;
		};
/* End PBXFrameworksBuildPhase section */

/* Begin PBXGroup section */
		D3260D8F28BBDD7B00811D86 = {
			isa = PBXGroup;
			children = (
				D3260D9A28BBDD7C00811D86 /* TipsyByAsude */,
				D3260D9928BBDD7C00811D86 /* Products */,
			);
			sourceTree = "<group>";
		};
		D3260D9928BBDD7C00811D86 /* Products */ = {
			isa = PBXGroup;
			children = (
				D3260D9828BBDD7C00811D86 /* TipsyByAsude.app */,
			);
			name = Products;
			sourceTree = "<group>";
		};
		D3260D9A28BBDD7C00811D86 /* TipsyByAsude */ = {
			isa = PBXGroup;
			children = (
				D3260D9B28BBDD7C00811D86 /* AppDelegate.swift */,
				D3260D9D28BBDD7C00811D86 /* SceneDelegate.swift */,
				D3699A1528BC382C0028F3BD /* View */,
				D3699A1328BC38120028F3BD /* Controller */,
				D3260DA428BBDD8700811D86 /* Assets.xcassets */,
				D3260DA628BBDD8700811D86 /* LaunchScreen.storyboard */,
				D3260DA928BBDD8700811D86 /* Info.plist */,
			);
			path = TipsyByAsude;
			sourceTree = "<group>";
		};
		D3699A1328BC38120028F3BD /* Controller */ = {
			isa = PBXGroup;
			children = (
				D3260D9F28BBDD7C00811D86 /* CalculateViewController.swift */,
				D3699A1028BC363B0028F3BD /* ResultViewController.swift */,
			);
			path = Controller;
			sourceTree = "<group>";
		};
		D3699A1528BC382C0028F3BD /* View */ = {
			isa = PBXGroup;
			children = (
				D3260DA128BBDD7C00811D86 /* Main.storyboard */,
			);
			path = View;
			sourceTree = "<group>";
		};
/* End PBXGroup section */

/* Begin PBXNativeTarget section */
		D3260D9728BBDD7C00811D86 /* TipsyByAsude */ = {
			isa = PBXNativeTarget;
			buildConfigurationList = D3260DAC28BBDD8700811D86 /* Build configuration list for PBXNativeTarget "TipsyByAsude" */;
			buildPhases = (
				D3260D9428BBDD7C00811D86 /* Sources */,
				D3260D9528BBDD7C00811D86 /* Frameworks */,
				D3260D9628BBDD7C00811D86 /* Resources */,
			);
			buildRules = (
			);
			dependencies = (
			);
			name = TipsyByAsude;
			productName = TipsyByAsude;
			productReference = D3260D9828BBDD7C00811D86 /* TipsyByAsude.app */;
			productType = "com.apple.product-type.application";
		};
/* End PBXNativeTarget section */

/* Begin PBXProject section */
		D3260D9028BBDD7B00811D86 /* Project object */ = {
			isa = PBXProject;
			attributes = {
				LastSwiftUpdateCheck = 1210;
				LastUpgradeCheck = 1210;
				TargetAttributes = {
					D3260D9728BBDD7C00811D86 = {
						CreatedOnToolsVersion = 12.1;
					};
				};
			};
			buildConfigurationList = D3260D9328BBDD7B00811D86 /* Build configuration list for PBXProject "TipsyByAsude" */;
			compatibilityVersion = "Xcode 9.3";
			developmentRegion = en;
			hasScannedForEncodings = 0;
			knownRegions = (
				en,
				Base,
			);
			mainGroup = D3260D8F28BBDD7B00811D86;
			productRefGroup = D3260D9928BBDD7C00811D86 /* Products */;
			projectDirPath = "";
			projectRoot = "";
			targets = (
				D3260D9728BBDD7C00811D86 /* TipsyByAsude */,
			);
		};
/* End PBXProject section */

/* Begin PBXResourcesBuildPhase section */
		D3260D9628BBDD7C00811D86 /* Resources */ = {
			isa = PBXResourcesBuildPhase;
			buildActionMask = 2147483647;
			files = (
				D3260DA828BBDD8700811D86 /* LaunchScreen.storyboard in Resources */,
				D3260DA528BBDD8700811D86 /* Assets.xcassets in Resources */,
				D3260DA328BBDD7C00811D86 /* Main.storyboard in Resources */,
			);
			runOnlyForDeploymentPostprocessing = 0;
		};
/* End PBXResourcesBuildPhase section */

/* Begin PBXSourcesBuildPhase section */
		D3260D9428BBDD7C00811D86 /* Sources */ = {
			isa = PBXSourcesBuildPhase;
			buildActionMask = 2147483647;
			files = (
				D3260DA028BBDD7C00811D86 /* CalculateViewController.swift in Sources */,
				D3260D9C28BBDD7C00811D86 /* AppDelegate.swift in Sources */,
				D3260D9E28BBDD7C00811D86 /* SceneDelegate.swift in Sources */,
				D3699A1128BC363B0028F3BD /* ResultViewController.swift in Sources */,
			);
			runOnlyForDeploymentPostprocessing = 0;
		};
/* End PBXSourcesBuildPhase section */

/* Begin PBXVariantGroup section */
		D3260DA128BBDD7C00811D86 /* Main.storyboard */ = {
			isa = PBXVariantGroup;
			children = (
				D3260DA228BBDD7C00811D86 /* Base */,
			);
			name = Main.storyboard;
			sourceTree = "<group>";
		};
		D3260DA628BBDD8700811D86 /* LaunchScreen.storyboard */ = {
			isa = PBXVariantGroup;
			children = (
				D3260DA728BBDD8700811D86 /* Base */,
			);
			name = LaunchScreen.storyboard;
			sourceTree = "<group>";
		};
/* End PBXVariantGroup section */

/* Begin XCBuildConfiguration section */
		D3260DAA28BBDD8700811D86 /* Debug */ = {
			isa = XCBuildConfiguration;
			buildSettings = {
				ALWAYS_SEARCH_USER_PATHS = NO;
				CLANG_ANALYZER_NONNULL = YES;
				CLANG_ANALYZER_NUMBER_OBJECT_CONVERSION = YES_AGGRESSIVE;
				CLANG_CXX_LANGUAGE_STANDARD = "gnu++14";
				CLANG_CXX_LIBRARY = "libc++";
				CLANG_ENABLE_MODULES = YES;
				CLANG_ENABLE_OBJC_ARC = YES;
				CLANG_ENABLE_OBJC_WEAK = YES;
				CLANG_WARN_BLOCK_CAPTURE_AUTORELEASING = YES;
				CLANG_WARN_BOOL_CONVERSION = YES;
				CLANG_WARN_COMMA = YES;
				CLANG_WARN_CONSTANT_CONVERSION = YES;
				CLANG_WARN_DEPRECATED_OBJC_IMPLEMENTATIONS = YES;
				CLANG_WARN_DIRECT_OBJC_ISA_USAGE = YES_ERROR;
				CLANG_WARN_DOCUMENTATION_COMMENTS = YES;
				CLANG_WARN_EMPTY_BODY = YES;
				CLANG_WARN_ENUM_CONVERSION = YES;
				CLANG_WARN_INFINITE_RECURSION = YES;
				CLANG_WARN_INT_CONVERSION = YES;
				CLANG_WARN_NON_LITERAL_NULL_CONVERSION = YES;
				CLANG_WARN_OBJC_IMPLICIT_RETAIN_SELF = YES;
				CLANG_WARN_OBJC_LITERAL_CONVERSION = YES;
				CLANG_WARN_OBJC_ROOT_CLASS = YES_ERROR;
				CLANG_WARN_QUOTED_INCLUDE_IN_FRAMEWORK_HEADER = YES;
				CLANG_WARN_RANGE_LOOP_ANALYSIS = YES;
				CLANG_WARN_STRICT_PROTOTYPES = YES;
				CLANG_WARN_SUSPICIOUS_MOVE = YES;
				CLANG_WARN_UNGUARDED_AVAILABILITY = YES_AGGRESSIVE;
				CLANG_WARN_UNREACHABLE_CODE = YES;
				CLANG_WARN__DUPLICATE_METHOD_MATCH = YES;
				COPY_PHASE_STRIP = NO;
				DEBUG_INFORMATION_FORMAT = dwarf;
				ENABLE_STRICT_OBJC_MSGSEND = YES;
				ENABLE_TESTABILITY = YES;
				GCC_C_LANGUAGE_STANDARD = gnu11;
				GCC_DYNAMIC_NO_PIC = NO;
				GCC_NO_COMMON_BLOCKS = YES;
				GCC_OPTIMIZATION_LEVEL = 0;
				GCC_PREPROCESSOR_DEFINITIONS = (
					"DEBUG=1",
					"$(inherited)",
				);
				GCC_WARN_64_TO_32_BIT_CONVERSION = YES;
				GCC_WARN_ABOUT_RETURN_TYPE = YES_ERROR;
				GCC_WARN_UNDECLARED_SELECTOR = YES;
				GCC_WARN_UNINITIALIZED_AUTOS = YES_AGGRESSIVE;
				GCC_WARN_UNUSED_FUNCTION = YES;
				GCC_WARN_UNUSED_VARIABLE = YES;
				IPHONEOS_DEPLOYMENT_TARGET = 14.1;
				MTL_ENABLE_DEBUG_INFO = INCLUDE_SOURCE;
				MTL_FAST_MATH = YES;
				ONLY_ACTIVE_ARCH = YES;
				SDKROOT = iphoneos;
				SWIFT_ACTIVE_COMPILATION_CONDITIONS = DEBUG;
				SWIFT_OPTIMIZATION_LEVEL = "-Onone";
			};
			name = Debug;
		};
		D3260DAB28BBDD8700811D86 /* Release */ = {
			isa = XCBuildConfiguration;
			buildSettings = {
				ALWAYS_SEARCH_USER_PATHS = NO;
				CLANG_ANALYZER_NONNULL = YES;
				CLANG_ANALYZER_NUMBER_OBJECT_CONVERSION = YES_AGGRESSIVE;
				CLANG_CXX_LANGUAGE_STANDARD = "gnu++14";
				CLANG_CXX_LIBRARY = "libc++";
				CLANG_ENABLE_MODULES = YES;
				CLANG_ENABLE_OBJC_ARC = YES;
				CLANG_ENABLE_OBJC_WEAK = YES;
				CLANG_WARN_BLOCK_CAPTURE_AUTORELEASING = YES;
				CLANG_WARN_BOOL_CONVERSION = YES;
				CLANG_WARN_COMMA = YES;
				CLANG_WARN_CONSTANT_CONVERSION = YES;
				CLANG_WARN_DEPRECATED_OBJC_IMPLEMENTATIONS = YES;
				CLANG_WARN_DIRECT_OBJC_ISA_USAGE = YES_ERROR;
				CLANG_WARN_DOCUMENTATION_COMMENTS = YES;
				CLANG_WARN_EMPTY_BODY = YES;
				CLANG_WARN_ENUM_CONVERSION = YES;
				CLANG_WARN_INFINITE_RECURSION = YES;
				CLANG_WARN_INT_CONVERSION = YES;
				CLANG_WARN_NON_LITERAL_NULL_CONVERSION = YES;
				CLANG_WARN_OBJC_IMPLICIT_RETAIN_SELF = YES;
				CLANG_WARN_OBJC_LITERAL_CONVERSION = YES;
				CLANG_WARN_OBJC_ROOT_CLASS = YES_ERROR;
				CLANG_WARN_QUOTED_INCLUDE_IN_FRAMEWORK_HEADER = YES;
				CLANG_WARN_RANGE_LOOP_ANALYSIS = YES;
				CLANG_WARN_STRICT_PROTOTYPES = YES;
				CLANG_WARN_SUSPICIOUS_MOVE = YES;
				CLANG_WARN_UNGUARDED_AVAILABILITY = YES_AGGRESSIVE;
				CLANG_WARN_UNREACHABLE_CODE = YES;
				CLANG_WARN__DUPLICATE_METHOD_MATCH = YES;
				COPY_PHASE_STRIP = NO;
				DEBUG_INFORMATION_FORMAT = "dwarf-with-dsym";
				ENABLE_NS_ASSERTIONS = NO;
				ENABLE_STRICT_OBJC_MSGSEND = YES;
				GCC_C_LANGUAGE_STANDARD = gnu11;
				GCC_NO_COMMON_BLOCKS = YES;
				GCC_WARN_64_TO_32_BIT_CONVERSION = YES;
				GCC_WARN_ABOUT_RETURN_TYPE = YES_ERROR;
				GCC_WARN_UNDECLARED_SELECTOR = YES;
				GCC_WARN_UNINITIALIZED_AUTOS = YES_AGGRESSIVE;
				GCC_WARN_UNUSED_FUNCTION = YES;
				GCC_WARN_UNUSED_VARIABLE = YES;
				IPHONEOS_DEPLOYMENT_TARGET = 14.1;
				MTL_ENABLE_DEBUG_INFO = NO;
				MTL_FAST_MATH = YES;
				SDKROOT = iphoneos;
				SWIFT_COMPILATION_MODE = wholemodule;
				SWIFT_OPTIMIZATION_LEVEL = "-O";
				VALIDATE_PRODUCT = YES;
			};
			name = Release;
		};
		D3260DAD28BBDD8700811D86 /* Debug */ = {
			isa = XCBuildConfiguration;
			buildSettings = {
				ASSETCATALOG_COMPILER_APPICON_NAME = AppIcon;
				ASSETCATALOG_COMPILER_GLOBAL_ACCENT_COLOR_NAME = AccentColor;
				CODE_SIGN_STYLE = Automatic;
				INFOPLIST_FILE = TipsyByAsude/Info.plist;
				LD_RUNPATH_SEARCH_PATHS = (
					"$(inherited)",
					"@executable_path/Frameworks",
				);
				PRODUCT_BUNDLE_IDENTIFIER = com.asude.TipsyByAsude;
				PRODUCT_NAME = "$(TARGET_NAME)";
				SWIFT_VERSION = 5.0;
				TARGETED_DEVICE_FAMILY = "1,2";
			};
			name = Debug;
		};
		D3260DAE28BBDD8700811D86 /* Release */ = {
			isa = XCBuildConfiguration;
			buildSettings = {
				ASSETCATALOG_COMPILER_APPICON_NAME = AppIcon;
				ASSETCATALOG_COMPILER_GLOBAL_ACCENT_COLOR_NAME = AccentColor;
				CODE_SIGN_STYLE = Automatic;
				INFOPLIST_FILE = TipsyByAsude/Info.plist;
				LD_RUNPATH_SEARCH_PATHS = (
					"$(inherited)",
					"@executable_path/Frameworks",
				);
				PRODUCT_BUNDLE_IDENTIFIER = com.asude.TipsyByAsude;
				PRODUCT_NAME = "$(TARGET_NAME)";
				SWIFT_VERSION = 5.0;
				TARGETED_DEVICE_FAMILY = "1,2";
			};
			name = Release;
		};
/* End XCBuildConfiguration section */

/* Begin XCConfigurationList section */
		D3260D9328BBDD7B00811D86 /* Build configuration list for PBXProject "TipsyByAsude" */ = {
			isa = XCConfigurationList;
			buildConfigurations = (
				D3260DAA28BBDD8700811D86 /* Debug */,
				D3260DAB28BBDD8700811D86 /* Release */,
			);
			defaultConfigurationIsVisible = 0;
			defaultConfigurationName = Release;
		};
		D3260DAC28BBDD8700811D86 /* Build configuration list for PBXNativeTarget "TipsyByAsude" */ = {
			isa = XCConfigurationList;
			buildConfigurations = (
				D3260DAD28BBDD8700811D86 /* Debug */,
				D3260DAE28BBDD8700811D86 /* Release */,
			);
			defaultConfigurationIsVisible = 0;
			defaultConfigurationName = Release;
		};
/* End XCConfigurationList section */
	};
	rootObject = D3260D9028BBDD7B00811D86 /* Project object */;
}
